
Microsoft Visual Studio Solution File, Format Version 11.00
# Visual Studio 2010
Project("{FAE04EC0-301F-11D3-BF4B-00C04F79EFBC}") = "Assembly-CSharp", "Assembly-CSharp.csproj", "{31535e45-108a-82ba-d88e-b349e76b4d63}"
EndProject
Project("{FAE04EC0-301F-11D3-BF4B-00C04F79EFBC}") = "NavMeshComponents", "NavMeshComponents.csproj", "{0f3ab29e-a9a5-aa61-8f2b-3f1fcfec1a2c}"
EndProject
Project("{FAE04EC0-301F-11D3-BF4B-00C04F79EFBC}") = "NavMeshComponentsEditor", "NavMeshComponentsEditor.csproj", "{091c654d-e66f-ab9e-88a1-5b91970055f0}"
EndProject
Global
	GlobalSection(SolutionConfigurationPlatforms) = preSolution
		Debug|Any CPU = Debug|Any CPU
	EndGlobalSection
	GlobalSection(ProjectConfigurationPlatforms) = postSolution
		{31535e45-108a-82ba-d88e-b349e76b4d63}.Debug|Any CPU.ActiveCfg = Debug|Any CPU
		{31535e45-108a-82ba-d88e-b349e76b4d63}.Debug|Any CPU.Build.0 = Debug|Any CPU
		{0f3ab29e-a9a5-aa61-8f2b-3f1fcfec1a2c}.Debug|Any CPU.ActiveCfg = Debug|Any CPU
		{0f3ab29e-a9a5-aa61-8f2b-3f1fcfec1a2c}.Debug|Any CPU.Build.0 = Debug|Any CPU
		{091c654d-e66f-ab9e-88a1-5b91970055f0}.Debug|Any CPU.ActiveCfg = Debug|Any CPU
		{091c654d-e66f-ab9e-88a1-5b91970055f0}.Debug|Any CPU.Build.0 = Debug|Any CPU
	EndGlobalSection
	GlobalSection(SolutionProperties) = preSolution
		HideSolutionNode = FALSE
	EndGlobalSection
EndGlobal
